
Microsoft Visual Studio Solution File, Format Version 12.00
# Visual Studio Version 16
VisualStudioVersion = 16.0.30011.22
MinimumVisualStudioVersion = 10.0.40219.1
Project("{8BC9CEB8-8B4A-11D0-8D11-00A0C91BC942}") = "Core", "Core\Core.vcxproj", "{CD036145-5492-4CCA-8099-232F1F93CAF9}"
EndProject
Project("{8BC9CEB8-8B4A-11D0-8D11-00A0C91BC942}") = "Grass", "Grass\Grass.vcxproj", "{71892488-C5AF-4AC2-BA47-557D4291C2B8}"
	ProjectSection(ProjectDependencies) = postProject
		{CD036145-5492-4CCA-8099-232F1F93CAF9} = {CD036145-5492-4CCA-8099-232F1F93CAF9}
	EndProjectSection
EndProject
Global
	GlobalSection(SolutionConfigurationPlatforms) = preSolution
		Debug|x64 = Debug|x64
		Release|x64 = Release|x64
	EndGlobalSection
	GlobalSection(ProjectConfigurationPlatforms) = postSolution
		{CD036145-5492-4CCA-8099-232F1F93CAF9}.Debug|x64.ActiveCfg = Debug|x64
		{CD036145-5492-4CCA-8099-232F1F93CAF9}.Debug|x64.Build.0 = Debug|x64
		{CD036145-5492-4CCA-8099-232F1F93CAF9}.Release|x64.ActiveCfg = Release|x64
		{CD036145-5492-4CCA-8099-232F1F93CAF9}.Release|x64.Build.0 = Release|x64
		{71892488-C5AF-4AC2-BA47-557D4291C2B8}.Debug|x64.ActiveCfg = Debug|x64
		{71892488-C5AF-4AC2-BA47-557D4291C2B8}.Debug|x64.Build.0 = Debug|x64
		{71892488-C5AF-4AC2-BA47-557D4291C2B8}.Release|x64.ActiveCfg = Release|x64
		{71892488-C5AF-4AC2-BA47-557D4291C2B8}.Release|x64.Build.0 = Release|x64
	EndGlobalSection
	GlobalSection(SolutionProperties) = preSolution
		HideSolutionNode = FALSE
	EndGlobalSection
	GlobalSection(ExtensibilityGlobals) = postSolution
		SolutionGuid = {09081A85-DD6F-49D8-B44C-80DDF3EF5B17}
	EndGlobalSection
EndGlobal
